
Microsoft Visual Studio Solution File, Format Version 12.00
# Visual Studio 14
VisualStudioVersion = 14.0.25123.0
MinimumVisualStudioVersion = 10.0.40219.1
Project("{FAE04EC0-301F-11D3-BF4B-00C04F79EFBC}") = "FileUpload", "FileUpload\FileUpload.csproj", "{41AE32AC-685B-45EE-821F-D46CDBED0C45}"
EndProject
Project("{FAE04EC0-301F-11D3-BF4B-00C04F79EFBC}") = "FileUpload.Tests", "FileUpload.Tests\FileUpload.Tests.csproj", "{06FD63CD-FA5B-4501-9582-65F8B224E806}"
EndProject
Project("{FAE04EC0-301F-11D3-BF4B-00C04F79EFBC}") = "FileUpload.xUnit.Tests", "FileUpload.xUnit.Tests\FileUpload.xUnit.Tests.csproj", "{C2BA32D9-23E7-4BAB-9532-F8472080C435}"
EndProject
Global
	GlobalSection(SolutionConfigurationPlatforms) = preSolution
		Debug|Any CPU = Debug|Any CPU
		Release|Any CPU = Release|Any CPU
	EndGlobalSection
	GlobalSection(ProjectConfigurationPlatforms) = postSolution
		{41AE32AC-685B-45EE-821F-D46CDBED0C45}.Debug|Any CPU.ActiveCfg = Debug|Any CPU
		{41AE32AC-685B-45EE-821F-D46CDBED0C45}.Debug|Any CPU.Build.0 = Debug|Any CPU
		{41AE32AC-685B-45EE-821F-D46CDBED0C45}.Release|Any CPU.ActiveCfg = Release|Any CPU
		{41AE32AC-685B-45EE-821F-D46CDBED0C45}.Release|Any CPU.Build.0 = Release|Any CPU
		{06FD63CD-FA5B-4501-9582-65F8B224E806}.Debug|Any CPU.ActiveCfg = Debug|Any CPU
		{06FD63CD-FA5B-4501-9582-65F8B224E806}.Debug|Any CPU.Build.0 = Debug|Any CPU
		{06FD63CD-FA5B-4501-9582-65F8B224E806}.Release|Any CPU.ActiveCfg = Release|Any CPU
		{06FD63CD-FA5B-4501-9582-65F8B224E806}.Release|Any CPU.Build.0 = Release|Any CPU
		{C2BA32D9-23E7-4BAB-9532-F8472080C435}.Debug|Any CPU.ActiveCfg = Debug|Any CPU
		{C2BA32D9-23E7-4BAB-9532-F8472080C435}.Debug|Any CPU.Build.0 = Debug|Any CPU
		{C2BA32D9-23E7-4BAB-9532-F8472080C435}.Release|Any CPU.ActiveCfg = Release|Any CPU
		{C2BA32D9-23E7-4BAB-9532-F8472080C435}.Release|Any CPU.Build.0 = Release|Any CPU
	EndGlobalSection
	GlobalSection(SolutionProperties) = preSolution
		HideSolutionNode = FALSE
	EndGlobalSection
EndGlobal
